// !$*UTF8*$!
{
	archiveVersion = 1;
	classes = {
	};
	objectVersion = 46;
	objects = {

/* Begin PBXBuildFile section */
		A6993B111EB2830200104876 /* main.m in Sources */ = {isa = PBXBuildFile; fileRef = A6993B101EB2830200104876 /* main.m */; };
		A6993B141EB2830200104876 /* AppDelegate.m in Sources */ = {isa = PBXBuildFile; fileRef = A6993B131EB2830200104876 /* AppDelegate.m */; };
		A6993B171EB2830200104876 /* ViewController.m in Sources */ = {isa = PBXBuildFile; fileRef = A6993B161EB2830200104876 /* ViewController.m */; };
		A6993B1A1EB2830200104876 /* Main.storyboard in Resources */ = {isa = PBXBuildFile; fileRef = A6993B181EB2830200104876 /* Main.storyboard */; };
		A6993B1C1EB2830200104876 /* Assets.xcassets in Resources */ = {isa = PBXBuildFile; fileRef = A6993B1B1EB2830200104876 /* Assets.xcassets */; };
		A6993B1F1EB2830200104876 /* LaunchScreen.storyboard in Resources */ = {isa = PBXBuildFile; fileRef = A6993B1D1EB2830200104876 /* LaunchScreen.storyboard */; };
		A6993B2A1EB2830200104876 /* BeagleOfTheDayTests.m in Sources */ = {isa = PBXBuildFile; fileRef = A6993B291EB2830200104876 /* BeagleOfTheDayTests.m */; };
		A6993B351EB2830200104876 /* BeagleOfTheDayUITests.m in Sources */ = {isa = PBXBuildFile; fileRef = A6993B341EB2830200104876 /* BeagleOfTheDayUITests.m */; };
/* End PBXBuildFile section */

/* Begin PBXContainerItemProxy section */
		A6993B261EB2830200104876 /* PBXContainerItemProxy */ = {
			isa = PBXContainerItemProxy;
			containerPortal = A6993B041EB2830200104876 /* Project object */;
			proxyType = 1;
			remoteGlobalIDString = A6993B0B1EB2830200104876;
			remoteInfo = BeagleOfTheDay;
		};
		A6993B311EB2830200104876 /* PBXContainerItemProxy */ = {
			isa = PBXContainerItemProxy;
			containerPortal = A6993B041EB2830200104876 /* Project object */;
			proxyType = 1;
			remoteGlobalIDString = A6993B0B1EB2830200104876;
			remoteInfo = BeagleOfTheDay;
		};
/* End PBXContainerItemProxy section */

/* Begin PBXFileReference section */
		A6993B0C1EB2830200104876 /* BeagleOfTheDay.app */ = {isa = PBXFileReference; explicitFileType = wrapper.application; includeInIndex = 0; path = BeagleOfTheDay.app; sourceTree = BUILT_PRODUCTS_DIR; };
		A6993B101EB2830200104876 /* main.m */ = {isa = PBXFileReference; lastKnownFileType = sourcecode.c.objc; path = main.m; sourceTree = "<group>"; };
		A6993B121EB2830200104876 /* AppDelegate.h */ = {isa = PBXFileReference; lastKnownFileType = sourcecode.c.h; path = AppDelegate.h; sourceTree = "<group>"; };
		A6993B131EB2830200104876 /* AppDelegate.m */ = {isa = PBXFileReference; lastKnownFileType = sourcecode.c.objc; path = AppDelegate.m; sourceTree = "<group>"; };
		A6993B151EB2830200104876 /* ViewController.h */ = {isa = PBXFileReference; lastKnownFileType = sourcecode.c.h; path = ViewController.h; sourceTree = "<group>"; };
		A6993B161EB2830200104876 /* ViewController.m */ = {isa = PBXFileReference; lastKnownFileType = sourcecode.c.objc; path = ViewController.m; sourceTree = "<group>"; };
		A6993B191EB2830200104876 /* Base */ = {isa = PBXFileReference; lastKnownFileType = file.storyboard; name = Base; path = Base.lproj/Main.storyboard; sourceTree = "<group>"; };
		A6993B1B1EB2830200104876 /* Assets.xcassets */ = {isa = PBXFileReference; lastKnownFileType = folder.assetcatalog; path = Assets.xcassets; sourceTree = "<group>"; };
		A6993B1E1EB2830200104876 /* Base */ = {isa = PBXFileReference; lastKnownFileType = file.storyboard; name = Base; path = Base.lproj/LaunchScreen.storyboard; sourceTree = "<group>"; };
		A6993B201EB2830200104876 /* Info.plist */ = {isa = PBXFileReference; lastKnownFileType = text.plist.xml; path = Info.plist; sourceTree = "<group>"; };
		A6993B251EB2830200104876 /* BeagleOfTheDayTests.xctest */ = {isa = PBXFileReference; explicitFileType = wrapper.cfbundle; includeInIndex = 0; path = BeagleOfTheDayTests.xctest; sourceTree = BUILT_PRODUCTS_DIR; };
		A6993B291EB2830200104876 /* BeagleOfTheDayTests.m */ = {isa = PBXFileReference; lastKnownFileType = sourcecode.c.objc; path = BeagleOfTheDayTests.m; sourceTree = "<group>"; };
		A6993B2B1EB2830200104876 /* Info.plist */ = {isa = PBXFileReference; lastKnownFileType = text.plist.xml; path = Info.plist; sourceTree = "<group>"; };
		A6993B301EB2830200104876 /* BeagleOfTheDayUITests.xctest */ = {isa = PBXFileReference; explicitFileType = wrapper.cfbundle; includeInIndex = 0; path = BeagleOfTheDayUITests.xctest; sourceTree = BUILT_PRODUCTS_DIR; };
		A6993B341EB2830200104876 /* BeagleOfTheDayUITests.m */ = {isa = PBXFileReference; lastKnownFileType = sourcecode.c.objc; path = BeagleOfTheDayUITests.m; sourceTree = "<group>"; };
		A6993B361EB2830200104876 /* Info.plist */ = {isa = PBXFileReference; lastKnownFileType = text.plist.xml; path = Info.plist; sourceTree = "<group>"; };
/* End PBXFileReference section */

/* Begin PBXFrameworksBuildPhase section */
		A6993B091EB2830200104876 /* Frameworks */ = {
			isa = PBXFrameworksBuildPhase;
			buildActionMask = 2147483647;
			files = (
			);
			runOnlyForDeploymentPostprocessing = 0;
		};
		A6993B221EB2830200104876 /* Frameworks */ = {
			isa = PBXFrameworksBuildPhase;
			buildActionMask = 2147483647;
			files = (
			);
			runOnlyForDeploymentPostprocessing = 0;
		};
		A6993B2D1EB2830200104876 /* Frameworks */ = {
			isa = PBXFrameworksBuildPhase;
			buildActionMask = 2147483647;
			files = (
			);
			runOnlyForDeploymentPostprocessing = 0;
		};
/* End PBXFrameworksBuildPhase section */

/* Begin PBXGroup section */
		A6993B031EB2830200104876 = {
			isa = PBXGroup;
			children = (
				A6993B0E1EB2830200104876 /* BeagleOfTheDay */,
				A6993B281EB2830200104876 /* BeagleOfTheDayTests */,
				A6993B331EB2830200104876 /* BeagleOfTheDayUITests */,
				A6993B0D1EB2830200104876 /* Products */,
			);
			sourceTree = "<group>";
		};
		A6993B0D1EB2830200104876 /* Products */ = {
			isa = PBXGroup;
			children = (
				A6993B0C1EB2830200104876 /* BeagleOfTheDay.app */,
				A6993B251EB2830200104876 /* BeagleOfTheDayTests.xctest */,
				A6993B301EB2830200104876 /* BeagleOfTheDayUITests.xctest */,
			);
			name = Products;
			sourceTree = "<group>";
		};
		A6993B0E1EB2830200104876 /* BeagleOfTheDay */ = {
			isa = PBXGroup;
			children = (
				A6993B121EB2830200104876 /* AppDelegate.h */,
				A6993B131EB2830200104876 /* AppDelegate.m */,
				A6993B151EB2830200104876 /* ViewController.h */,
				A6993B161EB2830200104876 /* ViewController.m */,
				A6993B181EB2830200104876 /* Main.storyboard */,
				A6993B1B1EB2830200104876 /* Assets.xcassets */,
				A6993B1D1EB2830200104876 /* LaunchScreen.storyboard */,
				A6993B201EB2830200104876 /* Info.plist */,
				A6993B0F1EB2830200104876 /* Supporting Files */,
			);
			path = BeagleOfTheDay;
			sourceTree = "<group>";
		};
		A6993B0F1EB2830200104876 /* Supporting Files */ = {
			isa = PBXGroup;
			children = (
				A6993B101EB2830200104876 /* main.m */,
			);
			name = "Supporting Files";
			sourceTree = "<group>";
		};
		A6993B281EB2830200104876 /* BeagleOfTheDayTests */ = {
			isa = PBXGroup;
			children = (
				A6993B291EB2830200104876 /* BeagleOfTheDayTests.m */,
				A6993B2B1EB2830200104876 /* Info.plist */,
			);
			path = BeagleOfTheDayTests;
			sourceTree = "<group>";
		};
		A6993B331EB2830200104876 /* BeagleOfTheDayUITests */ = {
			isa = PBXGroup;
			children = (
				A6993B341EB2830200104876 /* BeagleOfTheDayUITests.m */,
				A6993B361EB2830200104876 /* Info.plist */,
			);
			path = BeagleOfTheDayUITests;
			sourceTree = "<group>";
		};
/* End PBXGroup section */

/* Begin PBXNativeTarget section */
		A6993B0B1EB2830200104876 /* BeagleOfTheDay */ = {
			isa = PBXNativeTarget;
			buildConfigurationList = A6993B391EB2830200104876 /* Build configuration list for PBXNativeTarget "BeagleOfTheDay" */;
			buildPhases = (
				A6993B081EB2830200104876 /* Sources */,
				A6993B091EB2830200104876 /* Frameworks */,
				A6993B0A1EB2830200104876 /* Resources */,
			);
			buildRules = (
			);
			dependencies = (
			);
			name = BeagleOfTheDay;
			productName = BeagleOfTheDay;
			productReference = A6993B0C1EB2830200104876 /* BeagleOfTheDay.app */;
			productType = "com.apple.product-type.application";
		};
		A6993B241EB2830200104876 /* BeagleOfTheDayTests */ = {
			isa = PBXNativeTarget;
			buildConfigurationList = A6993B3C1EB2830200104876 /* Build configuration list for PBXNativeTarget "BeagleOfTheDayTests" */;
			buildPhases = (
				A6993B211EB2830200104876 /* Sources */,
				A6993B221EB2830200104876 /* Frameworks */,
				A6993B231EB2830200104876 /* Resources */,
			);
			buildRules = (
			);
			dependencies = (
				A6993B271EB2830200104876 /* PBXTargetDependency */,
			);
			name = BeagleOfTheDayTests;
			productName = BeagleOfTheDayTests;
			productReference = A6993B251EB2830200104876 /* BeagleOfTheDayTests.xctest */;
			productType = "com.apple.product-type.bundle.unit-test";
		};
		A6993B2F1EB2830200104876 /* BeagleOfTheDayUITests */ = {
			isa = PBXNativeTarget;
			buildConfigurationList = A6993B3F1EB2830200104876 /* Build configuration list for PBXNativeTarget "BeagleOfTheDayUITests" */;
			buildPhases = (
				A6993B2C1EB2830200104876 /* Sources */,
				A6993B2D1EB2830200104876 /* Frameworks */,
				A6993B2E1EB2830200104876 /* Resources */,
			);
			buildRules = (
			);
			dependencies = (
				A6993B321EB2830200104876 /* PBXTargetDependency */,
			);
			name = BeagleOfTheDayUITests;
			productName = BeagleOfTheDayUITests;
			productReference = A6993B301EB2830200104876 /* BeagleOfTheDayUITests.xctest */;
			productType = "com.apple.product-type.bundle.ui-testing";
		};
/* End PBXNativeTarget section */

/* Begin PBXProject section */
		A6993B041EB2830200104876 /* Project object */ = {
			isa = PBXProject;
			attributes = {
				LastUpgradeCheck = 0830;
				ORGANIZATIONNAME = "Katherine Owens";
				TargetAttributes = {
					A6993B0B1EB2830200104876 = {
						CreatedOnToolsVersion = 8.3.2;
						DevelopmentTeam = 9Q67G7E28V;
						ProvisioningStyle = Automatic;
					};
					A6993B241EB2830200104876 = {
						CreatedOnToolsVersion = 8.3.2;
						ProvisioningStyle = Automatic;
						TestTargetID = A6993B0B1EB2830200104876;
					};
					A6993B2F1EB2830200104876 = {
						CreatedOnToolsVersion = 8.3.2;
						ProvisioningStyle = Automatic;
						TestTargetID = A6993B0B1EB2830200104876;
					};
				};
			};
			buildConfigurationList = A6993B071EB2830200104876 /* Build configuration list for PBXProject "BeagleOfTheDay" */;
			compatibilityVersion = "Xcode 3.2";
			developmentRegion = English;
			hasScannedForEncodings = 0;
			knownRegions = (
				en,
				Base,
			);
			mainGroup = A6993B031EB2830200104876;
			productRefGroup = A6993B0D1EB2830200104876 /* Products */;
			projectDirPath = "";
			projectRoot = "";
			targets = (
				A6993B0B1EB2830200104876 /* BeagleOfTheDay */,
				A6993B241EB2830200104876 /* BeagleOfTheDayTests */,
				A6993B2F1EB2830200104876 /* BeagleOfTheDayUITests */,
			);
		};
/* End PBXProject section */

/* Begin PBXResourcesBuildPhase section */
		A6993B0A1EB2830200104876 /* Resources */ = {
			isa = PBXResourcesBuildPhase;
			buildActionMask = 2147483647;
			files = (
				A6993B1F1EB2830200104876 /* LaunchScreen.storyboard in Resources */,
				A6993B1C1EB2830200104876 /* Assets.xcassets in Resources */,
				A6993B1A1EB2830200104876 /* Main.storyboard in Resources */,
			);
			runOnlyForDeploymentPostprocessing = 0;
		};
		A6993B231EB2830200104876 /* Resources */ = {
			isa = PBXResourcesBuildPhase;
			buildActionMask = 2147483647;
			files = (
			);
			runOnlyForDeploymentPostprocessing = 0;
		};
		A6993B2E1EB2830200104876 /* Resources */ = {
			isa = PBXResourcesBuildPhase;
			buildActionMask = 2147483647;
			files = (
			);
			runOnlyForDeploymentPostprocessing = 0;
		};
/* End PBXResourcesBuildPhase section */

/* Begin PBXSourcesBuildPhase section */
		A6993B081EB2830200104876 /* Sources */ = {
			isa = PBXSourcesBuildPhase;
			buildActionMask = 2147483647;
			files = (
				A6993B171EB2830200104876 /* ViewController.m in Sources */,
				A6993B141EB2830200104876 /* AppDelegate.m in Sources */,
				A6993B111EB2830200104876 /* main.m in Sources */,
			);
			runOnlyForDeploymentPostprocessing = 0;
		};
		A6993B211EB2830200104876 /* Sources */ = {
			isa = PBXSourcesBuildPhase;
			buildActionMask = 2147483647;
			files = (
				A6993B2A1EB2830200104876 /* BeagleOfTheDayTests.m in Sources */,
			);
			runOnlyForDeploymentPostprocessing = 0;
		};
		A6993B2C1EB2830200104876 /* Sources */ = {
			isa = PBXSourcesBuildPhase;
			buildActionMask = 2147483647;
			files = (
				A6993B351EB2830200104876 /* BeagleOfTheDayUITests.m in Sources */,
			);
			runOnlyForDeploymentPostprocessing = 0;
		};
/* End PBXSourcesBuildPhase section */

/* Begin PBXTargetDependency section */
		A6993B271EB2830200104876 /* PBXTargetDependency */ = {
			isa = PBXTargetDependency;
			target = A6993B0B1EB2830200104876 /* BeagleOfTheDay */;
			targetProxy = A6993B261EB2830200104876 /* PBXContainerItemProxy */;
		};
		A6993B321EB2830200104876 /* PBXTargetDependency */ = {
			isa = PBXTargetDependency;
			target = A6993B0B1EB2830200104876 /* BeagleOfTheDay */;
			targetProxy = A6993B311EB2830200104876 /* PBXContainerItemProxy */;
		};
/* End PBXTargetDependency section */

/* Begin PBXVariantGroup section */
		A6993B181EB2830200104876 /* Main.storyboard */ = {
			isa = PBXVariantGroup;
			children = (
				A6993B191EB2830200104876 /* Base */,
			);
			name = Main.storyboard;
			sourceTree = "<group>";
		};
		A6993B1D1EB2830200104876 /* LaunchScreen.storyboard */ = {
			isa = PBXVariantGroup;
			children = (
				A6993B1E1EB2830200104876 /* Base */,
			);
			name = LaunchScreen.storyboard;
			sourceTree = "<group>";
		};
/* End PBXVariantGroup section */

/* Begin XCBuildConfiguration section */
		A6993B371EB2830200104876 /* Debug */ = {
			isa = XCBuildConfiguration;
			buildSettings = {
				ALWAYS_SEARCH_USER_PATHS = NO;
				CLANG_ANALYZER_NONNULL = YES;
				CLANG_ANALYZER_NUMBER_OBJECT_CONVERSION = YES_AGGRESSIVE;
				CLANG_CXX_LANGUAGE_STANDARD = "gnu++0x";
				CLANG_CXX_LIBRARY = "libc++";
				CLANG_ENABLE_MODULES = YES;
				CLANG_ENABLE_OBJC_ARC = YES;
				CLANG_WARN_BOOL_CONVERSION = YES;
				CLANG_WARN_CONSTANT_CONVERSION = YES;
				CLANG_WARN_DIRECT_OBJC_ISA_USAGE = YES_ERROR;
				CLANG_WARN_DOCUMENTATION_COMMENTS = YES;
				CLANG_WARN_EMPTY_BODY = YES;
				CLANG_WARN_ENUM_CONVERSION = YES;
				CLANG_WARN_INFINITE_RECURSION = YES;
				CLANG_WARN_INT_CONVERSION = YES;
				CLANG_WARN_OBJC_ROOT_CLASS = YES_ERROR;
				CLANG_WARN_SUSPICIOUS_MOVE = YES;
				CLANG_WARN_UNREACHABLE_CODE = YES;
				CLANG_WARN__DUPLICATE_METHOD_MATCH = YES;
				"CODE_SIGN_IDENTITY[sdk=iphoneos*]" = "iPhone Developer";
				COPY_PHASE_STRIP = NO;
				DEBUG_INFORMATION_FORMAT = dwarf;
				ENABLE_STRICT_OBJC_MSGSEND = YES;
				ENABLE_TESTABILITY = YES;
				GCC_C_LANGUAGE_STANDARD = gnu99;
				GCC_DYNAMIC_NO_PIC = NO;
				GCC_NO_COMMON_BLOCKS = YES;
				GCC_OPTIMIZATION_LEVEL = 0;
				GCC_PREPROCESSOR_DEFINITIONS = (
					"DEBUG=1",
					"$(inherited)",
				);
				GCC_WARN_64_TO_32_BIT_CONVERSION = YES;
				GCC_WARN_ABOUT_RETURN_TYPE = YES_ERROR;
				GCC_WARN_UNDECLARED_SELECTOR = YES;
				GCC_WARN_UNINITIALIZED_AUTOS = YES_AGGRESSIVE;
				GCC_WARN_UNUSED_FUNCTION = YES;
				GCC_WARN_UNUSED_VARIABLE = YES;
				IPHONEOS_DEPLOYMENT_TARGET = 10.3;
				MTL_ENABLE_DEBUG_INFO = YES;
				ONLY_ACTIVE_ARCH = YES;
				SDKROOT = iphoneos;
				TARGETED_DEVICE_FAMILY = "1,2";
			};
			name = Debug;
		};
		A6993B381EB2830200104876 /* Release */ = {
			isa = XCBuildConfiguration;
			buildSettings = {
				ALWAYS_SEARCH_USER_PATHS = NO;
				CLANG_ANALYZER_NONNULL = YES;
				CLANG_ANALYZER_NUMBER_OBJECT_CONVERSION = YES_AGGRESSIVE;
				CLANG_CXX_LANGUAGE_STANDARD = "gnu++0x";
				CLANG_CXX_LIBRARY = "libc++";
				CLANG_ENABLE_MODULES = YES;
				CLANG_ENABLE_OBJC_ARC = YES;
				CLANG_WARN_BOOL_CONVERSION = YES;
				CLANG_WARN_CONSTANT_CONVERSION = YES;
				CLANG_WARN_DIRECT_OBJC_ISA_USAGE = YES_ERROR;
				CLANG_WARN_DOCUMENTATION_COMMENTS = YES;
				CLANG_WARN_EMPTY_BODY = YES;
				CLANG_WARN_ENUM_CONVERSION = YES;
				CLANG_WARN_INFINITE_RECURSION = YES;
				CLANG_WARN_INT_CONVERSION = YES;
				CLANG_WARN_OBJC_ROOT_CLASS = YES_ERROR;
				CLANG_WARN_SUSPICIOUS_MOVE = YES;
				CLANG_WARN_UNREACHABLE_CODE = YES;
				CLANG_WARN__DUPLICATE_METHOD_MATCH = YES;
				"CODE_SIGN_IDENTITY[sdk=iphoneos*]" = "iPhone Developer";
				COPY_PHASE_STRIP = NO;
				DEBUG_INFORMATION_FORMAT = "dwarf-with-dsym";
				ENABLE_NS_ASSERTIONS = NO;
				ENABLE_STRICT_OBJC_MSGSEND = YES;
				GCC_C_LANGUAGE_STANDARD = gnu99;
				GCC_NO_COMMON_BLOCKS = YES;
				GCC_WARN_64_TO_32_BIT_CONVERSION = YES;
				GCC_WARN_ABOUT_RETURN_TYPE = YES_ERROR;
				GCC_WARN_UNDECLARED_SELECTOR = YES;
				GCC_WARN_UNINITIALIZED_AUTOS = YES_AGGRESSIVE;
				GCC_WARN_UNUSED_FUNCTION = YES;
				GCC_WARN_UNUSED_VARIABLE = YES;
				IPHONEOS_DEPLOYMENT_TARGET = 10.3;
				MTL_ENABLE_DEBUG_INFO = NO;
				SDKROOT = iphoneos;
				TARGETED_DEVICE_FAMILY = "1,2";
				VALIDATE_PRODUCT = YES;
			};
			name = Release;
		};
		A6993B3A1EB2830200104876 /* Debug */ = {
			isa = XCBuildConfiguration;
			buildSettings = {
				ASSETCATALOG_COMPILER_APPICON_NAME = AppIcon;
				DEVELOPMENT_TEAM = 9Q67G7E28V;
				INFOPLIST_FILE = BeagleOfTheDay/Info.plist;
				LD_RUNPATH_SEARCH_PATHS = "$(inherited) @executable_path/Frameworks";
				PRODUCT_BUNDLE_IDENTIFIER = com.kateowens.BeagleOfTheDay;
				PRODUCT_NAME = "$(TARGET_NAME)";
			};
			name = Debug;
		};
		A6993B3B1EB2830200104876 /* Release */ = {
			isa = XCBuildConfiguration;
			buildSettings = {
				ASSETCATALOG_COMPILER_APPICON_NAME = AppIcon;
				DEVELOPMENT_TEAM = 9Q67G7E28V;
				INFOPLIST_FILE = BeagleOfTheDay/Info.plist;
				LD_RUNPATH_SEARCH_PATHS = "$(inherited) @executable_path/Frameworks";
				PRODUCT_BUNDLE_IDENTIFIER = com.kateowens.BeagleOfTheDay;
				PRODUCT_NAME = "$(TARGET_NAME)";
			};
			name = Release;
		};
		A6993B3D1EB2830200104876 /* Debug */ = {
			isa = XCBuildConfiguration;
			buildSettings = {
				BUNDLE_LOADER = "$(TEST_HOST)";
				INFOPLIST_FILE = BeagleOfTheDayTests/Info.plist;
				LD_RUNPATH_SEARCH_PATHS = "$(inherited) @executable_path/Frameworks @loader_path/Frameworks";
				PRODUCT_BUNDLE_IDENTIFIER = com.kateowens.BeagleOfTheDayTests;
				PRODUCT_NAME = "$(TARGET_NAME)";
				TEST_HOST = "$(BUILT_PRODUCTS_DIR)/BeagleOfTheDay.app/BeagleOfTheDay";
			};
			name = Debug;
		};
		A6993B3E1EB2830200104876 /* Release */ = {
			isa = XCBuildConfiguration;
			buildSettings = {
				BUNDLE_LOADER = "$(TEST_HOST)";
				INFOPLIST_FILE = BeagleOfTheDayTests/Info.plist;
				LD_RUNPATH_SEARCH_PATHS = "$(inherited) @executable_path/Frameworks @loader_path/Frameworks";
				PRODUCT_BUNDLE_IDENTIFIER = com.kateowens.BeagleOfTheDayTests;
				PRODUCT_NAME = "$(TARGET_NAME)";
				TEST_HOST = "$(BUILT_PRODUCTS_DIR)/BeagleOfTheDay.app/BeagleOfTheDay";
			};
			name = Release;
		};
		A6993B401EB2830200104876 /* Debug */ = {
			isa = XCBuildConfiguration;
			buildSettings = {
				INFOPLIST_FILE = BeagleOfTheDayUITests/Info.plist;
				LD_RUNPATH_SEARCH_PATHS = "$(inherited) @executable_path/Frameworks @loader_path/Frameworks";
				PRODUCT_BUNDLE_IDENTIFIER = com.kateowens.BeagleOfTheDayUITests;
				PRODUCT_NAME = "$(TARGET_NAME)";
				TEST_TARGET_NAME = BeagleOfTheDay;
			};
			name = Debug;
		};
		A6993B411EB2830200104876 /* Release */ = {
			isa = XCBuildConfiguration;
			buildSettings = {
				INFOPLIST_FILE = BeagleOfTheDayUITests/Info.plist;
				LD_RUNPATH_SEARCH_PATHS = "$(inherited) @executable_path/Frameworks @loader_path/Frameworks";
				PRODUCT_BUNDLE_IDENTIFIER = com.kateowens.BeagleOfTheDayUITests;
				PRODUCT_NAME = "$(TARGET_NAME)";
				TEST_TARGET_NAME = BeagleOfTheDay;
			};
			name = Release;
		};
/* End XCBuildConfiguration section */

/* Begin XCConfigurationList section */
		A6993B071EB2830200104876 /* Build configuration list for PBXProject "BeagleOfTheDay" */ = {
			isa = XCConfigurationList;
			buildConfigurations = (
				A6993B371EB2830200104876 /* Debug */,
				A6993B381EB2830200104876 /* Release */,
			);
			defaultConfigurationIsVisible = 0;
			defaultConfigurationName = Release;
		};
		A6993B391EB2830200104876 /* Build configuration list for PBXNativeTarget "BeagleOfTheDay" */ = {
			isa = XCConfigurationList;
			buildConfigurations = (
				A6993B3A1EB2830200104876 /* Debug */,
				A6993B3B1EB2830200104876 /* Release */,
			);
			defaultConfigurationIsVisible = 0;
		};
		A6993B3C1EB2830200104876 /* Build configuration list for PBXNativeTarget "BeagleOfTheDayTests" */ = {
			isa = XCConfigurationList;
			buildConfigurations = (
				A6993B3D1EB2830200104876 /* Debug */,
				A6993B3E1EB2830200104876 /* Release */,
			);
			defaultConfigurationIsVisible = 0;
		};
		A6993B3F1EB2830200104876 /* Build configuration list for PBXNativeTarget "BeagleOfTheDayUITests" */ = {
			isa = XCConfigurationList;
			buildConfigurations = (
				A6993B401EB2830200104876 /* Debug */,
				A6993B411EB2830200104876 /* Release */,
			);
			defaultConfigurationIsVisible = 0;
		};
/* End XCConfigurationList section */
	};
	rootObject = A6993B041EB2830200104876 /* Project object */;
}
